
Microsoft Visual Studio Solution File, Format Version 12.00
# Visual Studio Version 17
VisualStudioVersion = 17.14.36603.0
MinimumVisualStudioVersion = 10.0.40219.1
Project("{FAE04EC0-301F-11D3-BF4B-00C04F79EFBC}") = "TPCuatrimestral-equipo-23A", "TPCuatrimestral-equipo-23A.csproj", "{044D51D8-CD91-4606-AD0C-C47E8276892D}"
EndProject
Project("{FAE04EC0-301F-11D3-BF4B-00C04F79EFBC}") = "dominio", "..\dominio\dominio.csproj", "{1E55C8E3-EAEB-4E6C-BA11-F22A3667449D}"
EndProject
Global
	GlobalSection(SolutionConfigurationPlatforms) = preSolution
		Debug|Any CPU = Debug|Any CPU
		Release|Any CPU = Release|Any CPU
	EndGlobalSection
	GlobalSection(ProjectConfigurationPlatforms) = postSolution
		{044D51D8-CD91-4606-AD0C-C47E8276892D}.Debug|Any CPU.ActiveCfg = Debug|Any CPU
		{044D51D8-CD91-4606-AD0C-C47E8276892D}.Debug|Any CPU.Build.0 = Debug|Any CPU
		{044D51D8-CD91-4606-AD0C-C47E8276892D}.Release|Any CPU.ActiveCfg = Release|Any CPU
		{044D51D8-CD91-4606-AD0C-C47E8276892D}.Release|Any CPU.Build.0 = Release|Any CPU
		{1E55C8E3-EAEB-4E6C-BA11-F22A3667449D}.Debug|Any CPU.ActiveCfg = Debug|Any CPU
		{1E55C8E3-EAEB-4E6C-BA11-F22A3667449D}.Debug|Any CPU.Build.0 = Debug|Any CPU
		{1E55C8E3-EAEB-4E6C-BA11-F22A3667449D}.Release|Any CPU.ActiveCfg = Release|Any CPU
		{1E55C8E3-EAEB-4E6C-BA11-F22A3667449D}.Release|Any CPU.Build.0 = Release|Any CPU
	EndGlobalSection
	GlobalSection(SolutionProperties) = preSolution
		HideSolutionNode = FALSE
	EndGlobalSection
	GlobalSection(ExtensibilityGlobals) = postSolution
		SolutionGuid = {7A19D000-C39C-4522-A289-9105C1D2EAF8}
	EndGlobalSection
EndGlobal
