
Microsoft Visual Studio Solution File, Format Version 12.00
# Visual Studio Version 17
VisualStudioVersion = 17.14.36603.0
MinimumVisualStudioVersion = 10.0.40219.1
Project("{FAE04EC0-301F-11D3-BF4B-00C04F79EFBC}") = "TPCuatrimestral-equipo-23A", "TPCuatrimestral-equipo-23A.csproj", "{044D51D8-CD91-4606-AD0C-C47E8276892D}"
EndProject
Project("{FAE04EC0-301F-11D3-BF4B-00C04F79EFBC}") = "dominio", "..\dominio\dominio.csproj", "{1E55C8E3-EAEB-4E6C-BA11-F22A3667449D}"
EndProject
Project("{FAE04EC0-301F-11D3-BF4B-00C04F79EFBC}") = "conexion", "..\conexion\conexion.csproj", "{2D1A6441-EB3E-490D-9FDE-9A83FEC81F83}"
EndProject
Project("{2150E333-8FDC-42A3-9474-1A3956D46DE8}") = "Elementos de la solución", "Elementos de la solución", "{E9A21240-46F3-4BA8-9814-5F94197867D2}"
	ProjectSection(SolutionItems) = preProject
		..\script\01_CrearTablas.sql = ..\script\01_CrearTablas.sql
		..\script\02_CrearSPs.sql = ..\script\02_CrearSPs.sql
		..\script\ClinicaDB.txt = ..\script\ClinicaDB.txt
		..\script\Procedures.txt = ..\script\Procedures.txt
	EndProjectSection
EndProject
Global
	GlobalSection(SolutionConfigurationPlatforms) = preSolution
		Debug|Any CPU = Debug|Any CPU
		Release|Any CPU = Release|Any CPU
	EndGlobalSection
	GlobalSection(ProjectConfigurationPlatforms) = postSolution
		{044D51D8-CD91-4606-AD0C-C47E8276892D}.Debug|Any CPU.ActiveCfg = Debug|Any CPU
		{044D51D8-CD91-4606-AD0C-C47E8276892D}.Debug|Any CPU.Build.0 = Debug|Any CPU
		{044D51D8-CD91-4606-AD0C-C47E8276892D}.Release|Any CPU.ActiveCfg = Release|Any CPU
		{044D51D8-CD91-4606-AD0C-C47E8276892D}.Release|Any CPU.Build.0 = Release|Any CPU
		{1E55C8E3-EAEB-4E6C-BA11-F22A3667449D}.Debug|Any CPU.ActiveCfg = Debug|Any CPU
		{1E55C8E3-EAEB-4E6C-BA11-F22A3667449D}.Debug|Any CPU.Build.0 = Debug|Any CPU
		{1E55C8E3-EAEB-4E6C-BA11-F22A3667449D}.Release|Any CPU.ActiveCfg = Release|Any CPU
		{1E55C8E3-EAEB-4E6C-BA11-F22A3667449D}.Release|Any CPU.Build.0 = Release|Any CPU
		{2D1A6441-EB3E-490D-9FDE-9A83FEC81F83}.Debug|Any CPU.ActiveCfg = Debug|Any CPU
		{2D1A6441-EB3E-490D-9FDE-9A83FEC81F83}.Debug|Any CPU.Build.0 = Debug|Any CPU
		{2D1A6441-EB3E-490D-9FDE-9A83FEC81F83}.Release|Any CPU.ActiveCfg = Release|Any CPU
		{2D1A6441-EB3E-490D-9FDE-9A83FEC81F83}.Release|Any CPU.Build.0 = Release|Any CPU
	EndGlobalSection
	GlobalSection(SolutionProperties) = preSolution
		HideSolutionNode = FALSE
	EndGlobalSection
	GlobalSection(ExtensibilityGlobals) = postSolution
		SolutionGuid = {7A19D000-C39C-4522-A289-9105C1D2EAF8}
	EndGlobalSection
EndGlobal
